{
  "requires": true,
  "lockfileVersion": 1,
  "dependencies": {
    "isarray": {
      "version": "0.0.1",
      "resolved": "https://registry.npmjs.org/isarray/-/isarray-0.0.1.tgz",
      "integrity": "sha1-ihis/Kmo9Bd+Cav8YDiTmwXR7t8="
    },
    "page": {
      "version": "1.11.5",
      "resolved": "https://registry.npmjs.org/page/-/page-1.11.5.tgz",
      "integrity": "sha512-0JXUHc7Y8p1cPJQbhZSwaKO3p+bU3Rgny+OM5gJMKHWHvJKan/fsE5RUzEjRQolv9DzPOSVWfSOHz0lLxK19eA==",
      "requires": {
        "path-to-regexp": "~1.2.1"
      }
    },
    "path-to-regexp": {
      "version": "1.2.1",
      "resolved": "https://registry.npmjs.org/path-to-regexp/-/path-to-regexp-1.2.1.tgz",
      "integrity": "sha1-szcFwUAjTYc8hyHHuf2LVB7Tr/k=",
      "requires": {
        "isarray": "0.0.1"
      }
    }
  }
}
